
Microsoft Visual Studio Solution File, Format Version 12.00
# Visual Studio Version 16
VisualStudioVersion = 16.0.31515.178
MinimumVisualStudioVersion = 10.0.40219.1
Project("{FAE04EC0-301F-11D3-BF4B-00C04F79EFBC}") = "JobOffersWebsite", "JobOffersWebsite.csproj", "{04550CE7-8B19-412C-AFDB-EDB80A1202C6}"
EndProject
Global
	GlobalSection(SolutionConfigurationPlatforms) = preSolution
		Debug|Any CPU = Debug|Any CPU
		Release|Any CPU = Release|Any CPU
	EndGlobalSection
	GlobalSection(ProjectConfigurationPlatforms) = postSolution
		{04550CE7-8B19-412C-AFDB-EDB80A1202C6}.Debug|Any CPU.ActiveCfg = Debug|Any CPU
		{04550CE7-8B19-412C-AFDB-EDB80A1202C6}.Debug|Any CPU.Build.0 = Debug|Any CPU
		{04550CE7-8B19-412C-AFDB-EDB80A1202C6}.Release|Any CPU.ActiveCfg = Release|Any CPU
		{04550CE7-8B19-412C-AFDB-EDB80A1202C6}.Release|Any CPU.Build.0 = Release|Any CPU
	EndGlobalSection
	GlobalSection(SolutionProperties) = preSolution
		HideSolutionNode = FALSE
	EndGlobalSection
	GlobalSection(ExtensibilityGlobals) = postSolution
		SolutionGuid = {6A1A7C3B-CC79-40D8-B84B-9212695FB555}
	EndGlobalSection
EndGlobal
